
Microsoft Visual Studio Solution File, Format Version 12.00
# Visual Studio Version 16
VisualStudioVersion = 16.0.29215.179
MinimumVisualStudioVersion = 10.0.40219.1
Project("{9A19103F-16F7-4668-BE54-9A1E7A4F7556}") = "SiteFamilia", "SiteFamilia.csproj", "{44298B4B-1A2C-4589-A4A4-31C133B5D34E}"
EndProject
Global
	GlobalSection(SolutionConfigurationPlatforms) = preSolution
		Debug|Any CPU = Debug|Any CPU
		Release|Any CPU = Release|Any CPU
	EndGlobalSection
	GlobalSection(ProjectConfigurationPlatforms) = postSolution
		{44298B4B-1A2C-4589-A4A4-31C133B5D34E}.Debug|Any CPU.ActiveCfg = Debug|Any CPU
		{44298B4B-1A2C-4589-A4A4-31C133B5D34E}.Debug|Any CPU.Build.0 = Debug|Any CPU
		{44298B4B-1A2C-4589-A4A4-31C133B5D34E}.Release|Any CPU.ActiveCfg = Release|Any CPU
		{44298B4B-1A2C-4589-A4A4-31C133B5D34E}.Release|Any CPU.Build.0 = Release|Any CPU
	EndGlobalSection
	GlobalSection(SolutionProperties) = preSolution
		HideSolutionNode = FALSE
	EndGlobalSection
	GlobalSection(ExtensibilityGlobals) = postSolution
		SolutionGuid = {7E70F6C5-8923-43C2-BFA8-30AF601B0B36}
	EndGlobalSection
EndGlobal
